
Microsoft Visual Studio Solution File, Format Version 12.00
# Visual Studio Version 17
VisualStudioVersion = 17.8.34309.116
MinimumVisualStudioVersion = 10.0.40219.1
Project("{FAE04EC0-301F-11D3-BF4B-00C04F79EFBC}") = "WebMVCR1", "WebMVCR1.csproj", "{1B0F1D02-89A3-4AE0-BA32-90F7941404D1}"
EndProject
Global
	GlobalSection(SolutionConfigurationPlatforms) = preSolution
		Debug|Any CPU = Debug|Any CPU
		Release|Any CPU = Release|Any CPU
	EndGlobalSection
	GlobalSection(ProjectConfigurationPlatforms) = postSolution
		{1B0F1D02-89A3-4AE0-BA32-90F7941404D1}.Debug|Any CPU.ActiveCfg = Debug|Any CPU
		{1B0F1D02-89A3-4AE0-BA32-90F7941404D1}.Debug|Any CPU.Build.0 = Debug|Any CPU
		{1B0F1D02-89A3-4AE0-BA32-90F7941404D1}.Release|Any CPU.ActiveCfg = Release|Any CPU
		{1B0F1D02-89A3-4AE0-BA32-90F7941404D1}.Release|Any CPU.Build.0 = Release|Any CPU
	EndGlobalSection
	GlobalSection(SolutionProperties) = preSolution
		HideSolutionNode = FALSE
	EndGlobalSection
	GlobalSection(ExtensibilityGlobals) = postSolution
		SolutionGuid = {948C51A7-F17B-43A0-BB34-C7CFAB6756A6}
	EndGlobalSection
EndGlobal
