
Microsoft Visual Studio Solution File, Format Version 12.00
# Visual Studio Version 17
VisualStudioVersion = 17.8.34309.116
MinimumVisualStudioVersion = 10.0.40219.1
Project("{FAE04EC0-301F-11D3-BF4B-00C04F79EFBC}") = "RazorPagesMovie", "RazorPagesMovie.csproj", "{3280EAAE-1995-414C-888D-1743B98A32A2}"
EndProject
Global
	GlobalSection(SolutionConfigurationPlatforms) = preSolution
		Debug|Any CPU = Debug|Any CPU
		Release|Any CPU = Release|Any CPU
	EndGlobalSection
	GlobalSection(ProjectConfigurationPlatforms) = postSolution
		{3280EAAE-1995-414C-888D-1743B98A32A2}.Debug|Any CPU.ActiveCfg = Debug|Any CPU
		{3280EAAE-1995-414C-888D-1743B98A32A2}.Debug|Any CPU.Build.0 = Debug|Any CPU
		{3280EAAE-1995-414C-888D-1743B98A32A2}.Release|Any CPU.ActiveCfg = Release|Any CPU
		{3280EAAE-1995-414C-888D-1743B98A32A2}.Release|Any CPU.Build.0 = Release|Any CPU
	EndGlobalSection
	GlobalSection(SolutionProperties) = preSolution
		HideSolutionNode = FALSE
	EndGlobalSection
	GlobalSection(ExtensibilityGlobals) = postSolution
		SolutionGuid = {6E1961C2-7B1A-4BE7-9E07-F6D3593AAB20}
	EndGlobalSection
EndGlobal
