
Microsoft Visual Studio Solution File, Format Version 12.00
# Visual Studio Version 17
VisualStudioVersion = 17.8.34309.116
MinimumVisualStudioVersion = 10.0.40219.1
Project("{FAE04EC0-301F-11D3-BF4B-00C04F79EFBC}") = "MvcCreditApp", "MvcCreditApp.csproj", "{298AE56A-2B61-45F1-9EB1-3FAF2E05DE7F}"
EndProject
Global
	GlobalSection(SolutionConfigurationPlatforms) = preSolution
		Debug|Any CPU = Debug|Any CPU
		Release|Any CPU = Release|Any CPU
	EndGlobalSection
	GlobalSection(ProjectConfigurationPlatforms) = postSolution
		{298AE56A-2B61-45F1-9EB1-3FAF2E05DE7F}.Debug|Any CPU.ActiveCfg = Debug|Any CPU
		{298AE56A-2B61-45F1-9EB1-3FAF2E05DE7F}.Debug|Any CPU.Build.0 = Debug|Any CPU
		{298AE56A-2B61-45F1-9EB1-3FAF2E05DE7F}.Release|Any CPU.ActiveCfg = Release|Any CPU
		{298AE56A-2B61-45F1-9EB1-3FAF2E05DE7F}.Release|Any CPU.Build.0 = Release|Any CPU
	EndGlobalSection
	GlobalSection(SolutionProperties) = preSolution
		HideSolutionNode = FALSE
	EndGlobalSection
	GlobalSection(ExtensibilityGlobals) = postSolution
		SolutionGuid = {B7E096CB-FBC3-4EF3-A2C3-97FEEE26BA1F}
	EndGlobalSection
EndGlobal
